// !$*UTF8*$!
{
	archiveVersion = 1;
	classes = {
	};
	objectVersion = 56;
	objects = {

/* Begin PBXBuildFile section */
		0461223C2D9FE5C3003DFB90 /* AppDelegate.swift in Sources */ = {isa = PBXBuildFile; fileRef = 0461223B2D9FE5C3003DFB90 /* AppDelegate.swift */; };
		0461223E2D9FE5C3003DFB90 /* SceneDelegate.swift in Sources */ = {isa = PBXBuildFile; fileRef = 0461223D2D9FE5C3003DFB90 /* SceneDelegate.swift */; };
		046122402D9FE5C3003DFB90 /* ViewController.swift in Sources */ = {isa = PBXBuildFile; fileRef = 0461223F2D9FE5C3003DFB90 /* ViewController.swift */; };
		046122432D9FE5C3003DFB90 /* Main.storyboard in Resources */ = {isa = PBXBuildFile; fileRef = 046122412D9FE5C3003DFB90 /* Main.storyboard */; };
		046122452D9FE5C7003DFB90 /* Assets.xcassets in Resources */ = {isa = PBXBuildFile; fileRef = 046122442D9FE5C7003DFB90 /* Assets.xcassets */; };
		046122482D9FE5C7003DFB90 /* LaunchScreen.storyboard in Resources */ = {isa = PBXBuildFile; fileRef = 046122462D9FE5C7003DFB90 /* LaunchScreen.storyboard */; };
		046122522D9FE69B003DFB90 /* Constant.swift in Sources */ = {isa = PBXBuildFile; fileRef = 046122512D9FE69B003DFB90 /* Constant.swift */; };
		046122562D9FE8E4003DFB90 /* Photos.swift in Sources */ = {isa = PBXBuildFile; fileRef = 046122552D9FE8E4003DFB90 /* Photos.swift */; };
		0469C8912DA4F6B3001B437C /* PhotoTableViewCell.swift in Sources */ = {isa = PBXBuildFile; fileRef = 0469C88F2DA4F6B3001B437C /* PhotoTableViewCell.swift */; };
		0469C8922DA4F6B3001B437C /* PhotoTableViewCell.xib in Resources */ = {isa = PBXBuildFile; fileRef = 0469C8902DA4F6B3001B437C /* PhotoTableViewCell.xib */; };
		B16ADF096CE7B438D3F0F7FA /* Pods_albums.framework in Frameworks */ = {isa = PBXBuildFile; fileRef = 319CF2EF6C5415A8A04D60D1 /* Pods_albums.framework */; };
/* End PBXBuildFile section */

/* Begin PBXFileReference section */
		046122382D9FE5C3003DFB90 /* Photos.app */ = {isa = PBXFileReference; explicitFileType = wrapper.application; includeInIndex = 0; path = Photos.app; sourceTree = BUILT_PRODUCTS_DIR; };
		0461223B2D9FE5C3003DFB90 /* AppDelegate.swift */ = {isa = PBXFileReference; lastKnownFileType = sourcecode.swift; path = AppDelegate.swift; sourceTree = "<group>"; };
		0461223D2D9FE5C3003DFB90 /* SceneDelegate.swift */ = {isa = PBXFileReference; lastKnownFileType = sourcecode.swift; path = SceneDelegate.swift; sourceTree = "<group>"; };
		0461223F2D9FE5C3003DFB90 /* ViewController.swift */ = {isa = PBXFileReference; lastKnownFileType = sourcecode.swift; path = ViewController.swift; sourceTree = "<group>"; };
		046122422D9FE5C3003DFB90 /* Base */ = {isa = PBXFileReference; lastKnownFileType = file.storyboard; name = Base; path = Base.lproj/Main.storyboard; sourceTree = "<group>"; };
		046122442D9FE5C7003DFB90 /* Assets.xcassets */ = {isa = PBXFileReference; lastKnownFileType = folder.assetcatalog; path = Assets.xcassets; sourceTree = "<group>"; };
		046122472D9FE5C7003DFB90 /* Base */ = {isa = PBXFileReference; lastKnownFileType = file.storyboard; name = Base; path = Base.lproj/LaunchScreen.storyboard; sourceTree = "<group>"; };
		046122492D9FE5C7003DFB90 /* Info.plist */ = {isa = PBXFileReference; lastKnownFileType = text.plist.xml; path = Info.plist; sourceTree = "<group>"; };
		046122512D9FE69B003DFB90 /* Constant.swift */ = {isa = PBXFileReference; lastKnownFileType = sourcecode.swift; path = Constant.swift; sourceTree = "<group>"; };
		046122552D9FE8E4003DFB90 /* Photos.swift */ = {isa = PBXFileReference; lastKnownFileType = sourcecode.swift; path = Photos.swift; sourceTree = "<group>"; };
		0469C88F2DA4F6B3001B437C /* PhotoTableViewCell.swift */ = {isa = PBXFileReference; lastKnownFileType = sourcecode.swift; path = PhotoTableViewCell.swift; sourceTree = "<group>"; };
		0469C8902DA4F6B3001B437C /* PhotoTableViewCell.xib */ = {isa = PBXFileReference; lastKnownFileType = file.xib; path = PhotoTableViewCell.xib; sourceTree = "<group>"; };
		319CF2EF6C5415A8A04D60D1 /* Pods_albums.framework */ = {isa = PBXFileReference; explicitFileType = wrapper.framework; includeInIndex = 0; path = Pods_albums.framework; sourceTree = BUILT_PRODUCTS_DIR; };
		3E705EDB181DBFD5BEC4B057 /* Pods-albums.release.xcconfig */ = {isa = PBXFileReference; includeInIndex = 1; lastKnownFileType = text.xcconfig; name = "Pods-albums.release.xcconfig"; path = "Target Support Files/Pods-albums/Pods-albums.release.xcconfig"; sourceTree = "<group>"; };
		66A1C25250B7A720AE578C9D /* Pods-albums.debug.xcconfig */ = {isa = PBXFileReference; includeInIndex = 1; lastKnownFileType = text.xcconfig; name = "Pods-albums.debug.xcconfig"; path = "Target Support Files/Pods-albums/Pods-albums.debug.xcconfig"; sourceTree = "<group>"; };
/* End PBXFileReference section */

/* Begin PBXFrameworksBuildPhase section */
		046122352D9FE5C3003DFB90 /* Frameworks */ = {
			isa = PBXFrameworksBuildPhase;
			buildActionMask = 2147483647;
			files = (
				B16ADF096CE7B438D3F0F7FA /* Pods_albums.framework in Frameworks */,
			);
			runOnlyForDeploymentPostprocessing = 0;
		};
/* End PBXFrameworksBuildPhase section */

/* Begin PBXGroup section */
		0461222F2D9FE5C3003DFB90 = {
			isa = PBXGroup;
			children = (
				0461223A2D9FE5C3003DFB90 /* Photos */,
				046122392D9FE5C3003DFB90 /* Products */,
				434A583274E7625A12BEEF17 /* Pods */,
				61C454FF3D8F649BB735A9D4 /* Frameworks */,
			);
			sourceTree = "<group>";
		};
		046122392D9FE5C3003DFB90 /* Products */ = {
			isa = PBXGroup;
			children = (
				046122382D9FE5C3003DFB90 /* Photos.app */,
			);
			name = Products;
			sourceTree = "<group>";
		};
		0461223A2D9FE5C3003DFB90 /* Photos */ = {
			isa = PBXGroup;
			children = (
				0461223B2D9FE5C3003DFB90 /* AppDelegate.swift */,
				0461223D2D9FE5C3003DFB90 /* SceneDelegate.swift */,
				0461223F2D9FE5C3003DFB90 /* ViewController.swift */,
				046122412D9FE5C3003DFB90 /* Main.storyboard */,
				046122442D9FE5C7003DFB90 /* Assets.xcassets */,
				046122462D9FE5C7003DFB90 /* LaunchScreen.storyboard */,
				046122492D9FE5C7003DFB90 /* Info.plist */,
				046122512D9FE69B003DFB90 /* Constant.swift */,
				046122552D9FE8E4003DFB90 /* Photos.swift */,
				0469C88F2DA4F6B3001B437C /* PhotoTableViewCell.swift */,
				0469C8902DA4F6B3001B437C /* PhotoTableViewCell.xib */,
			);
			path = Photos;
			sourceTree = "<group>";
		};
		434A583274E7625A12BEEF17 /* Pods */ = {
			isa = PBXGroup;
			children = (
				66A1C25250B7A720AE578C9D /* Pods-albums.debug.xcconfig */,
				3E705EDB181DBFD5BEC4B057 /* Pods-albums.release.xcconfig */,
			);
			path = Pods;
			sourceTree = "<group>";
		};
		61C454FF3D8F649BB735A9D4 /* Frameworks */ = {
			isa = PBXGroup;
			children = (
				319CF2EF6C5415A8A04D60D1 /* Pods_albums.framework */,
			);
			name = Frameworks;
			sourceTree = "<group>";
		};
/* End PBXGroup section */

/* Begin PBXNativeTarget section */
		046122372D9FE5C3003DFB90 /* Photos */ = {
			isa = PBXNativeTarget;
			buildConfigurationList = 0461224C2D9FE5C7003DFB90 /* Build configuration list for PBXNativeTarget "Photos" */;
			buildPhases = (
				DA9EBAAEE6061927100499D8 /* [CP] Check Pods Manifest.lock */,
				046122342D9FE5C3003DFB90 /* Sources */,
				046122352D9FE5C3003DFB90 /* Frameworks */,
				046122362D9FE5C3003DFB90 /* Resources */,
				EB0554780B3E204D37078AE3 /* [CP] Embed Pods Frameworks */,
			);
			buildRules = (
			);
			dependencies = (
			);
			name = Photos;
			productName = albums;
			productReference = 046122382D9FE5C3003DFB90 /* Photos.app */;
			productType = "com.apple.product-type.application";
		};
/* End PBXNativeTarget section */

/* Begin PBXProject section */
		046122302D9FE5C3003DFB90 /* Project object */ = {
			isa = PBXProject;
			attributes = {
				BuildIndependentTargetsInParallel = 1;
				LastSwiftUpdateCheck = 1520;
				LastUpgradeCheck = 1520;
				TargetAttributes = {
					046122372D9FE5C3003DFB90 = {
						CreatedOnToolsVersion = 15.2;
					};
				};
			};
			buildConfigurationList = 046122332D9FE5C3003DFB90 /* Build configuration list for PBXProject "Photos" */;
			compatibilityVersion = "Xcode 14.0";
			developmentRegion = en;
			hasScannedForEncodings = 0;
			knownRegions = (
				en,
				Base,
			);
			mainGroup = 0461222F2D9FE5C3003DFB90;
			productRefGroup = 046122392D9FE5C3003DFB90 /* Products */;
			projectDirPath = "";
			projectRoot = "";
			targets = (
				046122372D9FE5C3003DFB90 /* Photos */,
			);
		};
/* End PBXProject section */

/* Begin PBXResourcesBuildPhase section */
		046122362D9FE5C3003DFB90 /* Resources */ = {
			isa = PBXResourcesBuildPhase;
			buildActionMask = 2147483647;
			files = (
				0469C8922DA4F6B3001B437C /* PhotoTableViewCell.xib in Resources */,
				046122482D9FE5C7003DFB90 /* LaunchScreen.storyboard in Resources */,
				046122452D9FE5C7003DFB90 /* Assets.xcassets in Resources */,
				046122432D9FE5C3003DFB90 /* Main.storyboard in Resources */,
			);
			runOnlyForDeploymentPostprocessing = 0;
		};
/* End PBXResourcesBuildPhase section */

/* Begin PBXShellScriptBuildPhase section */
		DA9EBAAEE6061927100499D8 /* [CP] Check Pods Manifest.lock */ = {
			isa = PBXShellScriptBuildPhase;
			buildActionMask = 2147483647;
			files = (
			);
			inputFileListPaths = (
			);
			inputPaths = (
				"${PODS_PODFILE_DIR_PATH}/Podfile.lock",
				"${PODS_ROOT}/Manifest.lock",
			);
			name = "[CP] Check Pods Manifest.lock";
			outputFileListPaths = (
			);
			outputPaths = (
				"$(DERIVED_FILE_DIR)/Pods-albums-checkManifestLockResult.txt",
			);
			runOnlyForDeploymentPostprocessing = 0;
			shellPath = /bin/sh;
			shellScript = "diff \"${PODS_PODFILE_DIR_PATH}/Podfile.lock\" \"${PODS_ROOT}/Manifest.lock\" > /dev/null\nif [ $? != 0 ] ; then\n    # print error to STDERR\n    echo \"error: The sandbox is not in sync with the Podfile.lock. Run 'pod install' or update your CocoaPods installation.\" >&2\n    exit 1\nfi\n# This output is used by Xcode 'outputs' to avoid re-running this script phase.\necho \"SUCCESS\" > \"${SCRIPT_OUTPUT_FILE_0}\"\n";
			showEnvVarsInLog = 0;
		};
		EB0554780B3E204D37078AE3 /* [CP] Embed Pods Frameworks */ = {
			isa = PBXShellScriptBuildPhase;
			buildActionMask = 2147483647;
			files = (
			);
			inputFileListPaths = (
				"${PODS_ROOT}/Target Support Files/Pods-albums/Pods-albums-frameworks-${CONFIGURATION}-input-files.xcfilelist",
			);
			name = "[CP] Embed Pods Frameworks";
			outputFileListPaths = (
				"${PODS_ROOT}/Target Support Files/Pods-albums/Pods-albums-frameworks-${CONFIGURATION}-output-files.xcfilelist",
			);
			runOnlyForDeploymentPostprocessing = 0;
			shellPath = /bin/sh;
			shellScript = "\"${PODS_ROOT}/Target Support Files/Pods-albums/Pods-albums-frameworks.sh\"\n";
			showEnvVarsInLog = 0;
		};
/* End PBXShellScriptBuildPhase section */

/* Begin PBXSourcesBuildPhase section */
		046122342D9FE5C3003DFB90 /* Sources */ = {
			isa = PBXSourcesBuildPhase;
			buildActionMask = 2147483647;
			files = (
				046122402D9FE5C3003DFB90 /* ViewController.swift in Sources */,
				0461223C2D9FE5C3003DFB90 /* AppDelegate.swift in Sources */,
				0469C8912DA4F6B3001B437C /* PhotoTableViewCell.swift in Sources */,
				0461223E2D9FE5C3003DFB90 /* SceneDelegate.swift in Sources */,
				046122562D9FE8E4003DFB90 /* Photos.swift in Sources */,
				046122522D9FE69B003DFB90 /* Constant.swift in Sources */,
			);
			runOnlyForDeploymentPostprocessing = 0;
		};
/* End PBXSourcesBuildPhase section */

/* Begin PBXVariantGroup section */
		046122412D9FE5C3003DFB90 /* Main.storyboard */ = {
			isa = PBXVariantGroup;
			children = (
				046122422D9FE5C3003DFB90 /* Base */,
			);
			name = Main.storyboard;
			sourceTree = "<group>";
		};
		046122462D9FE5C7003DFB90 /* LaunchScreen.storyboard */ = {
			isa = PBXVariantGroup;
			children = (
				046122472D9FE5C7003DFB90 /* Base */,
			);
			name = LaunchScreen.storyboard;
			sourceTree = "<group>";
		};
/* End PBXVariantGroup section */

/* Begin XCBuildConfiguration section */
		0461224A2D9FE5C7003DFB90 /* Debug */ = {
			isa = XCBuildConfiguration;
			buildSettings = {
				ALWAYS_SEARCH_USER_PATHS = NO;
				ASSETCATALOG_COMPILER_GENERATE_SWIFT_ASSET_SYMBOL_EXTENSIONS = YES;
				CLANG_ANALYZER_NONNULL = YES;
				CLANG_ANALYZER_NUMBER_OBJECT_CONVERSION = YES_AGGRESSIVE;
				CLANG_CXX_LANGUAGE_STANDARD = "gnu++20";
				CLANG_ENABLE_MODULES = YES;
				CLANG_ENABLE_OBJC_ARC = YES;
				CLANG_ENABLE_OBJC_WEAK = YES;
				CLANG_WARN_BLOCK_CAPTURE_AUTORELEASING = YES;
				CLANG_WARN_BOOL_CONVERSION = YES;
				CLANG_WARN_COMMA = YES;
				CLANG_WARN_CONSTANT_CONVERSION = YES;
				CLANG_WARN_DEPRECATED_OBJC_IMPLEMENTATIONS = YES;
				CLANG_WARN_DIRECT_OBJC_ISA_USAGE = YES_ERROR;
				CLANG_WARN_DOCUMENTATION_COMMENTS = YES;
				CLANG_WARN_EMPTY_BODY = YES;
				CLANG_WARN_ENUM_CONVERSION = YES;
				CLANG_WARN_INFINITE_RECURSION = YES;
				CLANG_WARN_INT_CONVERSION = YES;
				CLANG_WARN_NON_LITERAL_NULL_CONVERSION = YES;
				CLANG_WARN_OBJC_IMPLICIT_RETAIN_SELF = YES;
				CLANG_WARN_OBJC_LITERAL_CONVERSION = YES;
				CLANG_WARN_OBJC_ROOT_CLASS = YES_ERROR;
				CLANG_WARN_QUOTED_INCLUDE_IN_FRAMEWORK_HEADER = YES;
				CLANG_WARN_RANGE_LOOP_ANALYSIS = YES;
				CLANG_WARN_STRICT_PROTOTYPES = YES;
				CLANG_WARN_SUSPICIOUS_MOVE = YES;
				CLANG_WARN_UNGUARDED_AVAILABILITY = YES_AGGRESSIVE;
				CLANG_WARN_UNREACHABLE_CODE = YES;
				CLANG_WARN__DUPLICATE_METHOD_MATCH = YES;
				COPY_PHASE_STRIP = NO;
				DEBUG_INFORMATION_FORMAT = dwarf;
				ENABLE_STRICT_OBJC_MSGSEND = YES;
				ENABLE_TESTABILITY = YES;
				ENABLE_USER_SCRIPT_SANDBOXING = NO;
				GCC_C_LANGUAGE_STANDARD = gnu17;
				GCC_DYNAMIC_NO_PIC = NO;
				GCC_NO_COMMON_BLOCKS = YES;
				GCC_OPTIMIZATION_LEVEL = 0;
				GCC_PREPROCESSOR_DEFINITIONS = (
					"DEBUG=1",
					"$(inherited)",
				);
				GCC_WARN_64_TO_32_BIT_CONVERSION = YES;
				GCC_WARN_ABOUT_RETURN_TYPE = YES_ERROR;
				GCC_WARN_UNDECLARED_SELECTOR = YES;
				GCC_WARN_UNINITIALIZED_AUTOS = YES_AGGRESSIVE;
				GCC_WARN_UNUSED_FUNCTION = YES;
				GCC_WARN_UNUSED_VARIABLE = YES;
				IPHONEOS_DEPLOYMENT_TARGET = 17.2;
				LOCALIZATION_PREFERS_STRING_CATALOGS = YES;
				MTL_ENABLE_DEBUG_INFO = INCLUDE_SOURCE;
				MTL_FAST_MATH = YES;
				ONLY_ACTIVE_ARCH = YES;
				SDKROOT = iphoneos;
				SWIFT_ACTIVE_COMPILATION_CONDITIONS = "DEBUG $(inherited)";
				SWIFT_OPTIMIZATION_LEVEL = "-Onone";
			};
			name = Debug;
		};
		0461224B2D9FE5C7003DFB90 /* Release */ = {
			isa = XCBuildConfiguration;
			buildSettings = {
				ALWAYS_SEARCH_USER_PATHS = NO;
				ASSETCATALOG_COMPILER_GENERATE_SWIFT_ASSET_SYMBOL_EXTENSIONS = YES;
				CLANG_ANALYZER_NONNULL = YES;
				CLANG_ANALYZER_NUMBER_OBJECT_CONVERSION = YES_AGGRESSIVE;
				CLANG_CXX_LANGUAGE_STANDARD = "gnu++20";
				CLANG_ENABLE_MODULES = YES;
				CLANG_ENABLE_OBJC_ARC = YES;
				CLANG_ENABLE_OBJC_WEAK = YES;
				CLANG_WARN_BLOCK_CAPTURE_AUTORELEASING = YES;
				CLANG_WARN_BOOL_CONVERSION = YES;
				CLANG_WARN_COMMA = YES;
				CLANG_WARN_CONSTANT_CONVERSION = YES;
				CLANG_WARN_DEPRECATED_OBJC_IMPLEMENTATIONS = YES;
				CLANG_WARN_DIRECT_OBJC_ISA_USAGE = YES_ERROR;
				CLANG_WARN_DOCUMENTATION_COMMENTS = YES;
				CLANG_WARN_EMPTY_BODY = YES;
				CLANG_WARN_ENUM_CONVERSION = YES;
				CLANG_WARN_INFINITE_RECURSION = YES;
				CLANG_WARN_INT_CONVERSION = YES;
				CLANG_WARN_NON_LITERAL_NULL_CONVERSION = YES;
				CLANG_WARN_OBJC_IMPLICIT_RETAIN_SELF = YES;
				CLANG_WARN_OBJC_LITERAL_CONVERSION = YES;
				CLANG_WARN_OBJC_ROOT_CLASS = YES_ERROR;
				CLANG_WARN_QUOTED_INCLUDE_IN_FRAMEWORK_HEADER = YES;
				CLANG_WARN_RANGE_LOOP_ANALYSIS = YES;
				CLANG_WARN_STRICT_PROTOTYPES = YES;
				CLANG_WARN_SUSPICIOUS_MOVE = YES;
				CLANG_WARN_UNGUARDED_AVAILABILITY = YES_AGGRESSIVE;
				CLANG_WARN_UNREACHABLE_CODE = YES;
				CLANG_WARN__DUPLICATE_METHOD_MATCH = YES;
				COPY_PHASE_STRIP = NO;
				DEBUG_INFORMATION_FORMAT = "dwarf-with-dsym";
				ENABLE_NS_ASSERTIONS = NO;
				ENABLE_STRICT_OBJC_MSGSEND = YES;
				ENABLE_USER_SCRIPT_SANDBOXING = NO;
				GCC_C_LANGUAGE_STANDARD = gnu17;
				GCC_NO_COMMON_BLOCKS = YES;
				GCC_WARN_64_TO_32_BIT_CONVERSION = YES;
				GCC_WARN_ABOUT_RETURN_TYPE = YES_ERROR;
				GCC_WARN_UNDECLARED_SELECTOR = YES;
				GCC_WARN_UNINITIALIZED_AUTOS = YES_AGGRESSIVE;
				GCC_WARN_UNUSED_FUNCTION = YES;
				GCC_WARN_UNUSED_VARIABLE = YES;
				IPHONEOS_DEPLOYMENT_TARGET = 17.2;
				LOCALIZATION_PREFERS_STRING_CATALOGS = YES;
				MTL_ENABLE_DEBUG_INFO = NO;
				MTL_FAST_MATH = YES;
				SDKROOT = iphoneos;
				SWIFT_COMPILATION_MODE = wholemodule;
				VALIDATE_PRODUCT = YES;
			};
			name = Release;
		};
		0461224D2D9FE5C7003DFB90 /* Debug */ = {
			isa = XCBuildConfiguration;
			baseConfigurationReference = 66A1C25250B7A720AE578C9D /* Pods-albums.debug.xcconfig */;
			buildSettings = {
				ASSETCATALOG_COMPILER_APPICON_NAME = AppIcon;
				ASSETCATALOG_COMPILER_GLOBAL_ACCENT_COLOR_NAME = AccentColor;
				CODE_SIGN_STYLE = Automatic;
				CURRENT_PROJECT_VERSION = 1;
				GENERATE_INFOPLIST_FILE = YES;
				INFOPLIST_FILE = albums/Info.plist;
				INFOPLIST_KEY_UIApplicationSupportsIndirectInputEvents = YES;
				INFOPLIST_KEY_UILaunchStoryboardName = LaunchScreen;
				INFOPLIST_KEY_UIMainStoryboardFile = Main;
				INFOPLIST_KEY_UISupportedInterfaceOrientations_iPad = "UIInterfaceOrientationPortrait UIInterfaceOrientationPortraitUpsideDown UIInterfaceOrientationLandscapeLeft UIInterfaceOrientationLandscapeRight";
				INFOPLIST_KEY_UISupportedInterfaceOrientations_iPhone = "UIInterfaceOrientationPortrait UIInterfaceOrientationLandscapeLeft UIInterfaceOrientationLandscapeRight";
				LD_RUNPATH_SEARCH_PATHS = (
					"$(inherited)",
					"@executable_path/Frameworks",
				);
				MARKETING_VERSION = 1.0;
				PRODUCT_BUNDLE_IDENTIFIER = in.bitcode.albums;
				PRODUCT_NAME = "$(TARGET_NAME)";
				SWIFT_EMIT_LOC_STRINGS = YES;
				SWIFT_VERSION = 5.0;
				TARGETED_DEVICE_FAMILY = "1,2";
			};
			name = Debug;
		};
		0461224E2D9FE5C7003DFB90 /* Release */ = {
			isa = XCBuildConfiguration;
			baseConfigurationReference = 3E705EDB181DBFD5BEC4B057 /* Pods-albums.release.xcconfig */;
			buildSettings = {
				ASSETCATALOG_COMPILER_APPICON_NAME = AppIcon;
				ASSETCATALOG_COMPILER_GLOBAL_ACCENT_COLOR_NAME = AccentColor;
				CODE_SIGN_STYLE = Automatic;
				CURRENT_PROJECT_VERSION = 1;
				GENERATE_INFOPLIST_FILE = YES;
				INFOPLIST_FILE = albums/Info.plist;
				INFOPLIST_KEY_UIApplicationSupportsIndirectInputEvents = YES;
				INFOPLIST_KEY_UILaunchStoryboardName = LaunchScreen;
				INFOPLIST_KEY_UIMainStoryboardFile = Main;
				INFOPLIST_KEY_UISupportedInterfaceOrientations_iPad = "UIInterfaceOrientationPortrait UIInterfaceOrientationPortraitUpsideDown UIInterfaceOrientationLandscapeLeft UIInterfaceOrientationLandscapeRight";
				INFOPLIST_KEY_UISupportedInterfaceOrientations_iPhone = "UIInterfaceOrientationPortrait UIInterfaceOrientationLandscapeLeft UIInterfaceOrientationLandscapeRight";
				LD_RUNPATH_SEARCH_PATHS = (
					"$(inherited)",
					"@executable_path/Frameworks",
				);
				MARKETING_VERSION = 1.0;
				PRODUCT_BUNDLE_IDENTIFIER = in.bitcode.albums;
				PRODUCT_NAME = "$(TARGET_NAME)";
				SWIFT_EMIT_LOC_STRINGS = YES;
				SWIFT_VERSION = 5.0;
				TARGETED_DEVICE_FAMILY = "1,2";
			};
			name = Release;
		};
/* End XCBuildConfiguration section */

/* Begin XCConfigurationList section */
		046122332D9FE5C3003DFB90 /* Build configuration list for PBXProject "Photos" */ = {
			isa = XCConfigurationList;
			buildConfigurations = (
				0461224A2D9FE5C7003DFB90 /* Debug */,
				0461224B2D9FE5C7003DFB90 /* Release */,
			);
			defaultConfigurationIsVisible = 0;
			defaultConfigurationName = Release;
		};
		0461224C2D9FE5C7003DFB90 /* Build configuration list for PBXNativeTarget "Photos" */ = {
			isa = XCConfigurationList;
			buildConfigurations = (
				0461224D2D9FE5C7003DFB90 /* Debug */,
				0461224E2D9FE5C7003DFB90 /* Release */,
			);
			defaultConfigurationIsVisible = 0;
			defaultConfigurationName = Release;
		};
/* End XCConfigurationList section */
	};
	rootObject = 046122302D9FE5C3003DFB90 /* Project object */;
}
